// !$*UTF8*$!
{
	archiveVersion = 1;
	classes = {
	};
	objectVersion = 46;
	objects = {

/* Begin PBXFileReference section */
		0E5938F81CEB390E00A6495F /* src */ = {isa = PBXFileReference; lastKnownFileType = folder; path = src; sourceTree = "<group>"; };
/* End PBXFileReference section */

/* Begin PBXGroup section */
		0E5938F01CEB38E300A6495F = {
			isa = PBXGroup;
			children = (
				0E5938F81CEB390E00A6495F /* src */,
			);
			sourceTree = "<group>";
		};
/* End PBXGroup section */

/* Begin PBXProject section */
		0E5938F11CEB38E300A6495F /* Project object */ = {
			isa = PBXProject;
			attributes = {
				LastUpgradeCheck = 0730;
			};
			buildConfigurationList = 0E5938F41CEB38E300A6495F /* Build configuration list for PBXProject "ofxMJGui" */;
			compatibilityVersion = "Xcode 3.2";
			developmentRegion = English;
			hasScannedForEncodings = 0;
			knownRegions = (
				en,
			);
			mainGroup = 0E5938F01CEB38E300A6495F;
			projectDirPath = "";
			projectRoot = "";
			targets = (
			);
		};
/* End PBXProject section */

/* Begin XCBuildConfiguration section */
		0E5938F51CEB38E300A6495F /* Debug */ = {
			isa = XCBuildConfiguration;
			buildSettings = {
			};
			name = Debug;
		};
		0E5938F61CEB38E300A6495F /* Release */ = {
			isa = XCBuildConfiguration;
			buildSettings = {
			};
			name = Release;
		};
/* End XCBuildConfiguration section */

/* Begin XCConfigurationList section */
		0E5938F41CEB38E300A6495F /* Build configuration list for PBXProject "ofxMJGui" */ = {
			isa = XCConfigurationList;
			buildConfigurations = (
				0E5938F51CEB38E300A6495F /* Debug */,
				0E5938F61CEB38E300A6495F /* Release */,
			);
			defaultConfigurationIsVisible = 0;
			defaultConfigurationName = Release;
		};
/* End XCConfigurationList section */
	};
	rootObject = 0E5938F11CEB38E300A6495F /* Project object */;
}
